// !$*UTF8*$!
{
	archiveVersion = 1;
	classes = {
	};
	objectVersion = 46;
	objects = {

/* Begin PBXBuildFile section */
		03C340211C3B6696004B9516 /* AppDelegate.swift in Sources */ = {isa = PBXBuildFile; fileRef = 03C340201C3B6696004B9516 /* AppDelegate.swift */; };
		03C340231C3B6696004B9516 /* ViewController.swift in Sources */ = {isa = PBXBuildFile; fileRef = 03C340221C3B6696004B9516 /* ViewController.swift */; };
		03C340261C3B6696004B9516 /* Main.storyboard in Resources */ = {isa = PBXBuildFile; fileRef = 03C340241C3B6696004B9516 /* Main.storyboard */; };
		03C340281C3B6696004B9516 /* Assets.xcassets in Resources */ = {isa = PBXBuildFile; fileRef = 03C340271C3B6696004B9516 /* Assets.xcassets */; };
		03C3402B1C3B6696004B9516 /* LaunchScreen.storyboard in Resources */ = {isa = PBXBuildFile; fileRef = 03C340291C3B6696004B9516 /* LaunchScreen.storyboard */; };
		03C340331C3B7214004B9516 /* DragImg.swift in Sources */ = {isa = PBXBuildFile; fileRef = 03C340321C3B7214004B9516 /* DragImg.swift */; };
		03C340351C3B753B004B9516 /* MonsterImg.swift in Sources */ = {isa = PBXBuildFile; fileRef = 03C340341C3B753B004B9516 /* MonsterImg.swift */; };
		03C3403B1C3B9B59004B9516 /* bite.wav in Resources */ = {isa = PBXBuildFile; fileRef = 03C340361C3B9B59004B9516 /* bite.wav */; };
		03C3403C1C3B9B59004B9516 /* cave-music.mp3 in Resources */ = {isa = PBXBuildFile; fileRef = 03C340371C3B9B59004B9516 /* cave-music.mp3 */; };
		03C3403D1C3B9B59004B9516 /* death.wav in Resources */ = {isa = PBXBuildFile; fileRef = 03C340381C3B9B59004B9516 /* death.wav */; };
		03C3403E1C3B9B59004B9516 /* heart.wav in Resources */ = {isa = PBXBuildFile; fileRef = 03C340391C3B9B59004B9516 /* heart.wav */; };
		03C3403F1C3B9B59004B9516 /* skull.wav in Resources */ = {isa = PBXBuildFile; fileRef = 03C3403A1C3B9B59004B9516 /* skull.wav */; };
/* End PBXBuildFile section */

/* Begin PBXFileReference section */
		03C3401D1C3B6696004B9516 /* MyLittleMonster.app */ = {isa = PBXFileReference; explicitFileType = wrapper.application; includeInIndex = 0; path = MyLittleMonster.app; sourceTree = BUILT_PRODUCTS_DIR; };
		03C340201C3B6696004B9516 /* AppDelegate.swift */ = {isa = PBXFileReference; lastKnownFileType = sourcecode.swift; path = AppDelegate.swift; sourceTree = "<group>"; };
		03C340221C3B6696004B9516 /* ViewController.swift */ = {isa = PBXFileReference; lastKnownFileType = sourcecode.swift; path = ViewController.swift; sourceTree = "<group>"; };
		03C340251C3B6696004B9516 /* Base */ = {isa = PBXFileReference; lastKnownFileType = file.storyboard; name = Base; path = Base.lproj/Main.storyboard; sourceTree = "<group>"; };
		03C340271C3B6696004B9516 /* Assets.xcassets */ = {isa = PBXFileReference; lastKnownFileType = folder.assetcatalog; path = Assets.xcassets; sourceTree = "<group>"; };
		03C3402A1C3B6696004B9516 /* Base */ = {isa = PBXFileReference; lastKnownFileType = file.storyboard; name = Base; path = Base.lproj/LaunchScreen.storyboard; sourceTree = "<group>"; };
		03C3402C1C3B6696004B9516 /* Info.plist */ = {isa = PBXFileReference; lastKnownFileType = text.plist.xml; path = Info.plist; sourceTree = "<group>"; };
		03C340321C3B7214004B9516 /* DragImg.swift */ = {isa = PBXFileReference; fileEncoding = 4; lastKnownFileType = sourcecode.swift; path = DragImg.swift; sourceTree = "<group>"; };
		03C340341C3B753B004B9516 /* MonsterImg.swift */ = {isa = PBXFileReference; fileEncoding = 4; lastKnownFileType = sourcecode.swift; path = MonsterImg.swift; sourceTree = "<group>"; };
		03C340361C3B9B59004B9516 /* bite.wav */ = {isa = PBXFileReference; lastKnownFileType = audio.wav; path = bite.wav; sourceTree = "<group>"; };
		03C340371C3B9B59004B9516 /* cave-music.mp3 */ = {isa = PBXFileReference; lastKnownFileType = audio.mp3; path = "cave-music.mp3"; sourceTree = "<group>"; };
		03C340381C3B9B59004B9516 /* death.wav */ = {isa = PBXFileReference; lastKnownFileType = audio.wav; path = death.wav; sourceTree = "<group>"; };
		03C340391C3B9B59004B9516 /* heart.wav */ = {isa = PBXFileReference; lastKnownFileType = audio.wav; path = heart.wav; sourceTree = "<group>"; };
		03C3403A1C3B9B59004B9516 /* skull.wav */ = {isa = PBXFileReference; lastKnownFileType = audio.wav; path = skull.wav; sourceTree = "<group>"; };
/* End PBXFileReference section */

/* Begin PBXFrameworksBuildPhase section */
		03C3401A1C3B6696004B9516 /* Frameworks */ = {
			isa = PBXFrameworksBuildPhase;
			buildActionMask = 2147483647;
			files = (
			);
			runOnlyForDeploymentPostprocessing = 0;
		};
/* End PBXFrameworksBuildPhase section */

/* Begin PBXGroup section */
		03C340141C3B6696004B9516 = {
			isa = PBXGroup;
			children = (
				03C3401F1C3B6696004B9516 /* MyLittleMonster */,
				03C3401E1C3B6696004B9516 /* Products */,
			);
			sourceTree = "<group>";
		};
		03C3401E1C3B6696004B9516 /* Products */ = {
			isa = PBXGroup;
			children = (
				03C3401D1C3B6696004B9516 /* MyLittleMonster.app */,
			);
			name = Products;
			sourceTree = "<group>";
		};
		03C3401F1C3B6696004B9516 /* MyLittleMonster */ = {
			isa = PBXGroup;
			children = (
				03C340361C3B9B59004B9516 /* bite.wav */,
				03C340371C3B9B59004B9516 /* cave-music.mp3 */,
				03C340381C3B9B59004B9516 /* death.wav */,
				03C340391C3B9B59004B9516 /* heart.wav */,
				03C3403A1C3B9B59004B9516 /* skull.wav */,
				03C340201C3B6696004B9516 /* AppDelegate.swift */,
				03C340221C3B6696004B9516 /* ViewController.swift */,
				03C340241C3B6696004B9516 /* Main.storyboard */,
				03C340271C3B6696004B9516 /* Assets.xcassets */,
				03C340291C3B6696004B9516 /* LaunchScreen.storyboard */,
				03C3402C1C3B6696004B9516 /* Info.plist */,
				03C340321C3B7214004B9516 /* DragImg.swift */,
				03C340341C3B753B004B9516 /* MonsterImg.swift */,
			);
			path = MyLittleMonster;
			sourceTree = "<group>";
		};
/* End PBXGroup section */

/* Begin PBXNativeTarget section */
		03C3401C1C3B6696004B9516 /* MyLittleMonster */ = {
			isa = PBXNativeTarget;
			buildConfigurationList = 03C3402F1C3B6696004B9516 /* Build configuration list for PBXNativeTarget "MyLittleMonster" */;
			buildPhases = (
				03C340191C3B6696004B9516 /* Sources */,
				03C3401A1C3B6696004B9516 /* Frameworks */,
				03C3401B1C3B6696004B9516 /* Resources */,
			);
			buildRules = (
			);
			dependencies = (
			);
			name = MyLittleMonster;
			productName = MyLittleMonster;
			productReference = 03C3401D1C3B6696004B9516 /* MyLittleMonster.app */;
			productType = "com.apple.product-type.application";
		};
/* End PBXNativeTarget section */

/* Begin PBXProject section */
		03C340151C3B6696004B9516 /* Project object */ = {
			isa = PBXProject;
			attributes = {
				LastSwiftUpdateCheck = 0720;
				LastUpgradeCheck = 0720;
				ORGANIZATIONNAME = "Fox Gallery Studios";
				TargetAttributes = {
					03C3401C1C3B6696004B9516 = {
						CreatedOnToolsVersion = 7.2;
					};
				};
			};
			buildConfigurationList = 03C340181C3B6696004B9516 /* Build configuration list for PBXProject "MyLittleMonster" */;
			compatibilityVersion = "Xcode 3.2";
			developmentRegion = English;
			hasScannedForEncodings = 0;
			knownRegions = (
				en,
				Base,
			);
			mainGroup = 03C340141C3B6696004B9516;
			productRefGroup = 03C3401E1C3B6696004B9516 /* Products */;
			projectDirPath = "";
			projectRoot = "";
			targets = (
				03C3401C1C3B6696004B9516 /* MyLittleMonster */,
			);
		};
/* End PBXProject section */

/* Begin PBXResourcesBuildPhase section */
		03C3401B1C3B6696004B9516 /* Resources */ = {
			isa = PBXResourcesBuildPhase;
			buildActionMask = 2147483647;
			files = (
				03C3403F1C3B9B59004B9516 /* skull.wav in Resources */,
				03C3403B1C3B9B59004B9516 /* bite.wav in Resources */,
				03C3403D1C3B9B59004B9516 /* death.wav in Resources */,
				03C3403E1C3B9B59004B9516 /* heart.wav in Resources */,
				03C3403C1C3B9B59004B9516 /* cave-music.mp3 in Resources */,
				03C3402B1C3B6696004B9516 /* LaunchScreen.storyboard in Resources */,
				03C340281C3B6696004B9516 /* Assets.xcassets in Resources */,
				03C340261C3B6696004B9516 /* Main.storyboard in Resources */,
			);
			runOnlyForDeploymentPostprocessing = 0;
		};
/* End PBXResourcesBuildPhase section */

/* Begin PBXSourcesBuildPhase section */
		03C340191C3B6696004B9516 /* Sources */ = {
			isa = PBXSourcesBuildPhase;
			buildActionMask = 2147483647;
			files = (
				03C340351C3B753B004B9516 /* MonsterImg.swift in Sources */,
				03C340331C3B7214004B9516 /* DragImg.swift in Sources */,
				03C340231C3B6696004B9516 /* ViewController.swift in Sources */,
				03C340211C3B6696004B9516 /* AppDelegate.swift in Sources */,
			);
			runOnlyForDeploymentPostprocessing = 0;
		};
/* End PBXSourcesBuildPhase section */

/* Begin PBXVariantGroup section */
		03C340241C3B6696004B9516 /* Main.storyboard */ = {
			isa = PBXVariantGroup;
			children = (
				03C340251C3B6696004B9516 /* Base */,
			);
			name = Main.storyboard;
			sourceTree = "<group>";
		};
		03C340291C3B6696004B9516 /* LaunchScreen.storyboard */ = {
			isa = PBXVariantGroup;
			children = (
				03C3402A1C3B6696004B9516 /* Base */,
			);
			name = LaunchScreen.storyboard;
			sourceTree = "<group>";
		};
/* End PBXVariantGroup section */

/* Begin XCBuildConfiguration section */
		03C3402D1C3B6696004B9516 /* Debug */ = {
			isa = XCBuildConfiguration;
			buildSettings = {
				ALWAYS_SEARCH_USER_PATHS = NO;
				CLANG_CXX_LANGUAGE_STANDARD = "gnu++0x";
				CLANG_CXX_LIBRARY = "libc++";
				CLANG_ENABLE_MODULES = YES;
				CLANG_ENABLE_OBJC_ARC = YES;
				CLANG_WARN_BOOL_CONVERSION = YES;
				CLANG_WARN_CONSTANT_CONVERSION = YES;
				CLANG_WARN_DIRECT_OBJC_ISA_USAGE = YES_ERROR;
				CLANG_WARN_EMPTY_BODY = YES;
				CLANG_WARN_ENUM_CONVERSION = YES;
				CLANG_WARN_INT_CONVERSION = YES;
				CLANG_WARN_OBJC_ROOT_CLASS = YES_ERROR;
				CLANG_WARN_UNREACHABLE_CODE = YES;
				CLANG_WARN__DUPLICATE_METHOD_MATCH = YES;
				"CODE_SIGN_IDENTITY[sdk=iphoneos*]" = "iPhone Developer";
				COPY_PHASE_STRIP = NO;
				DEBUG_INFORMATION_FORMAT = dwarf;
				ENABLE_STRICT_OBJC_MSGSEND = YES;
				ENABLE_TESTABILITY = YES;
				GCC_C_LANGUAGE_STANDARD = gnu99;
				GCC_DYNAMIC_NO_PIC = NO;
				GCC_NO_COMMON_BLOCKS = YES;
				GCC_OPTIMIZATION_LEVEL = 0;
				GCC_PREPROCESSOR_DEFINITIONS = (
					"DEBUG=1",
					"$(inherited)",
				);
				GCC_WARN_64_TO_32_BIT_CONVERSION = YES;
				GCC_WARN_ABOUT_RETURN_TYPE = YES_ERROR;
				GCC_WARN_UNDECLARED_SELECTOR = YES;
				GCC_WARN_UNINITIALIZED_AUTOS = YES_AGGRESSIVE;
				GCC_WARN_UNUSED_FUNCTION = YES;
				GCC_WARN_UNUSED_VARIABLE = YES;
				IPHONEOS_DEPLOYMENT_TARGET = 9.2;
				MTL_ENABLE_DEBUG_INFO = YES;
				ONLY_ACTIVE_ARCH = YES;
				SDKROOT = iphoneos;
				SWIFT_OPTIMIZATION_LEVEL = "-Onone";
			};
			name = Debug;
		};
		03C3402E1C3B6696004B9516 /* Release */ = {
			isa = XCBuildConfiguration;
			buildSettings = {
				ALWAYS_SEARCH_USER_PATHS = NO;
				CLANG_CXX_LANGUAGE_STANDARD = "gnu++0x";
				CLANG_CXX_LIBRARY = "libc++";
				CLANG_ENABLE_MODULES = YES;
				CLANG_ENABLE_OBJC_ARC = YES;
				CLANG_WARN_BOOL_CONVERSION = YES;
				CLANG_WARN_CONSTANT_CONVERSION = YES;
				CLANG_WARN_DIRECT_OBJC_ISA_USAGE = YES_ERROR;
				CLANG_WARN_EMPTY_BODY = YES;
				CLANG_WARN_ENUM_CONVERSION = YES;
				CLANG_WARN_INT_CONVERSION = YES;
				CLANG_WARN_OBJC_ROOT_CLASS = YES_ERROR;
				CLANG_WARN_UNREACHABLE_CODE = YES;
				CLANG_WARN__DUPLICATE_METHOD_MATCH = YES;
				"CODE_SIGN_IDENTITY[sdk=iphoneos*]" = "iPhone Developer";
				COPY_PHASE_STRIP = NO;
				DEBUG_INFORMATION_FORMAT = "dwarf-with-dsym";
				ENABLE_NS_ASSERTIONS = NO;
				ENABLE_STRICT_OBJC_MSGSEND = YES;
				GCC_C_LANGUAGE_STANDARD = gnu99;
				GCC_NO_COMMON_BLOCKS = YES;
				GCC_WARN_64_TO_32_BIT_CONVERSION = YES;
				GCC_WARN_ABOUT_RETURN_TYPE = YES_ERROR;
				GCC_WARN_UNDECLARED_SELECTOR = YES;
				GCC_WARN_UNINITIALIZED_AUTOS = YES_AGGRESSIVE;
				GCC_WARN_UNUSED_FUNCTION = YES;
				GCC_WARN_UNUSED_VARIABLE = YES;
				IPHONEOS_DEPLOYMENT_TARGET = 9.2;
				MTL_ENABLE_DEBUG_INFO = NO;
				SDKROOT = iphoneos;
				VALIDATE_PRODUCT = YES;
			};
			name = Release;
		};
		03C340301C3B6696004B9516 /* Debug */ = {
			isa = XCBuildConfiguration;
			buildSettings = {
				ASSETCATALOG_COMPILER_APPICON_NAME = AppIcon;
				INFOPLIST_FILE = MyLittleMonster/Info.plist;
				LD_RUNPATH_SEARCH_PATHS = "$(inherited) @executable_path/Frameworks";
				PRODUCT_BUNDLE_IDENTIFIER = com.foxgallerystudios.MyLittleMonster;
				PRODUCT_NAME = "$(TARGET_NAME)";
				TARGETED_DEVICE_FAMILY = "1,2";
			};
			name = Debug;
		};
		03C340311C3B6696004B9516 /* Release */ = {
			isa = XCBuildConfiguration;
			buildSettings = {
				ASSETCATALOG_COMPILER_APPICON_NAME = AppIcon;
				INFOPLIST_FILE = MyLittleMonster/Info.plist;
				LD_RUNPATH_SEARCH_PATHS = "$(inherited) @executable_path/Frameworks";
				PRODUCT_BUNDLE_IDENTIFIER = com.foxgallerystudios.MyLittleMonster;
				PRODUCT_NAME = "$(TARGET_NAME)";
				TARGETED_DEVICE_FAMILY = "1,2";
			};
			name = Release;
		};
/* End XCBuildConfiguration section */

/* Begin XCConfigurationList section */
		03C340181C3B6696004B9516 /* Build configuration list for PBXProject "MyLittleMonster" */ = {
			isa = XCConfigurationList;
			buildConfigurations = (
				03C3402D1C3B6696004B9516 /* Debug */,
				03C3402E1C3B6696004B9516 /* Release */,
			);
			defaultConfigurationIsVisible = 0;
			defaultConfigurationName = Release;
		};
		03C3402F1C3B6696004B9516 /* Build configuration list for PBXNativeTarget "MyLittleMonster" */ = {
			isa = XCConfigurationList;
			buildConfigurations = (
				03C340301C3B6696004B9516 /* Debug */,
				03C340311C3B6696004B9516 /* Release */,
			);
			defaultConfigurationIsVisible = 0;
		};
/* End XCConfigurationList section */
	};
	rootObject = 03C340151C3B6696004B9516 /* Project object */;
}
